
Microsoft Visual Studio Solution File, Format Version 12.00
# Visual Studio 15
VisualStudioVersion = 15.0.27130.2010
MinimumVisualStudioVersion = 10.0.40219.1
Project("{FAE04EC0-301F-11D3-BF4B-00C04F79EFBC}") = "exoPerso", "exoPerso\exoPerso.csproj", "{381C7ED5-3B07-4803-AE93-552A523FA6DA}"
EndProject
Global
	GlobalSection(SolutionConfigurationPlatforms) = preSolution
		Debug|Any CPU = Debug|Any CPU
		Release|Any CPU = Release|Any CPU
	EndGlobalSection
	GlobalSection(ProjectConfigurationPlatforms) = postSolution
		{381C7ED5-3B07-4803-AE93-552A523FA6DA}.Debug|Any CPU.ActiveCfg = Debug|Any CPU
		{381C7ED5-3B07-4803-AE93-552A523FA6DA}.Debug|Any CPU.Build.0 = Debug|Any CPU
		{381C7ED5-3B07-4803-AE93-552A523FA6DA}.Release|Any CPU.ActiveCfg = Release|Any CPU
		{381C7ED5-3B07-4803-AE93-552A523FA6DA}.Release|Any CPU.Build.0 = Release|Any CPU
	EndGlobalSection
	GlobalSection(SolutionProperties) = preSolution
		HideSolutionNode = FALSE
	EndGlobalSection
	GlobalSection(ExtensibilityGlobals) = postSolution
		SolutionGuid = {EE3DBA43-9B24-4CAB-8541-A15E5B6C081D}
	EndGlobalSection
EndGlobal
